{
    "_meta": {
        "hash": {
            "sha256": "a9f61448f57dfccb5d915eede365e2a04e1d1b176253389e75b8de8c957cc512"
        },
        "pipfile-spec": 6,
        "requires": {
            "python_version": "3"
        },
        "sources": [
            {
                "name": "pypi",
                "url": "https://pypi.org/simple",
                "verify_ssl": true
            }
        ]
    },
    "default": {
        "lz4": {
            "hashes": [
                "sha256:04067086a443eef46eb2dfc26e1e5a76165149ceb4a88f0b540b46ead95e39c8",
                "sha256:19e939cd1e5d1776ca8f431c18c10a59970cf98caceeaa6edc98fdcf58499f29",
                "sha256:1ef9b03386757546f962e0598ac1d863960018dd9c04ec207059d3eb52bba12b",
                "sha256:2428f5525c214d8cca332a96a2561415fd1261be2372b68b32a1aa40b9c9000f",
                "sha256:26e4e7f88757c31e5240016b863f37ad79fc2898be272a6d78f267963c1b094b",
                "sha256:2e1fa0dba94a7dece5d0fe109e317242c28f09e1ad488b8db692fcafb094db79",
                "sha256:3221e9a46d343175cefe932b0e812f2ecd3de70c7d036b951488d664587bee4a",
                "sha256:463814c29f1201ef876c031ad32a185adee807ae201c228b28d65f17b203ee11",
                "sha256:4bf2880cae9a5255f86698f60af635f184e49d5f6878a7e0520b6cfcdb0a0d50",
                "sha256:4d96e913877b687bb8e8c6f8a90ce1e2a9a5c5268d9bab489f49bd3ce9ae8afa",
                "sha256:5721ec225a37794fbaabcfa5cf2289ebb4b9e770e73e4e779d514c1fc784df5b",
                "sha256:57c5dfd3b7dae833b0d2b2c1aafd7f9d0dfcab40683d183d010c67c9fd1beca3",
                "sha256:6a4c004e664d8185e2bfeffb90e1bfe554a0cd1a764662648b528e37220822cb",
                "sha256:6c9acd054426840de2e4bbf83321945c3a20e90402ad221f4302e983f8031e14",
                "sha256:79246da3207b9eb4e53b3bed86189a60631e74f9b3d2579918b032fb1c7b114b",
                "sha256:7ec46449892159c869c88848ee2c9b3b5170d193ba79524732334e7bbc39639c",
                "sha256:a4afc2c12c37896e5ac7c5343f255cc242962ed7af940f6ef5276cc5c22e81fd",
                "sha256:afc6bebfcbc48873854c05366b35a69b9c4e440ce17571ade032941cb89585ac",
                "sha256:b83fce61cec36cdc21d234524d60a96d70f1a928533228eae6f46a9de21dc218",
                "sha256:e05542c6cbdb1128c43cfefd7518e231b39329d212b19ab89fd3868596140bdf",
                "sha256:f69405f196c6fb38b94ac6000baa59c0364a1ac264e64194bb2fc48513df79ad"
            ],
            "index": "pypi",
            "version": "==4.0.0"
        },
        "mcap": {
            "editable": true,
            "path": "."
        },
        "zstandard": {
            "hashes": [
                "sha256:208fa6bead577b2607205640078ee452e81fe20fe96321623c632bad9ebd7148",
                "sha256:2a2ac752162ba5cbc869c60c4a4e54e890b2ee2ffb57d3ff159feab1ae4518db",
                "sha256:37e50501baaa935f13a1820ab2114f74313b5cb4cfff8146acb8c5b18cdced2a",
                "sha256:3cf96ace804945e53bc3e5294097e5fa32a2d43bc52416c632b414b870ee0a21",
                "sha256:42f3c02c7021073cafbc6cd152b288c56a25e585518861589bb08b063b6d2ad2",
                "sha256:4768449d8d1b0785309ace288e017cc5fa42e11a52bf08c90d9c3eb3a7a73cc6",
                "sha256:477f172807a9fa83467b30d7c58876af1410d20177c554c27525211edf535bae",
                "sha256:49cd09ccbd1e3c0e2690dd62ebf95064d84aa42b9db381867e0b138631f969f2",
                "sha256:59eadb9f347d40e8f7ef77caffd0c04a31e82c1df82fe2d2a688032429d750ac",
                "sha256:60943f71e3117583655a1eb76188a7cc78a25267ef09cc74be4d25a0b0c8b947",
                "sha256:787efc741e61e00ffe5e65dac99b0dc5c88b9421012a207a91b869a8b1164921",
                "sha256:7a3a1aa9528087f6f4c47f4ece2d5e6a160527821263fb8174ff36429233e093",
                "sha256:7d2e7abac41d2b4b18f03575aca860d2cb647c343e13c23d6c769106a3db2f6f",
                "sha256:802109f67328c5b822d4fdac28e1cf65a24de2e2e99d76cdbeee9121cedb1b6c",
                "sha256:8aedd38d357f6d5e2facd88ce62b4976afdc29db57216a23f14a0cd0ca05a8a3",
                "sha256:8fd386d0ec1f9343f1776391d9e60d4eedced0a0b0e625bb89b91f6d05f70e83",
                "sha256:90a9ba3a9c16b86afcb785b3c9418af39ccfb238fd5f6e429166e3ca8542b01f",
                "sha256:91a228a077fc7cd8486c273788d4a006a37d060cb4293f471eb0325c3113af68",
                "sha256:9cf18c156b3a108197a8bf90b37d03c31c8ef35a7c18807b321d96b74e12c301",
                "sha256:9ec62a4c2dbb0a86ee5138c16ef133e59a23ac108f8d7ac97aeb61d410ce6857",
                "sha256:a1991cdf2e81e643b53fb8d272931d2bdf5f4e70d56a457e1ef95bde147ae627",
                "sha256:a628f20d019feb0f3a171c7a55cc4f75681f3b8c1bd7a5009165a487314887cd",
                "sha256:a71809ec062c5b7acf286ba6d4484e6fe8130fc2b93c25e596bb34e7810c79b2",
                "sha256:a7756a9446f83c81101f6c0a48c3bfd8d387a249933c57b0d095ca8b20541337",
                "sha256:a827b9c464ee966524f8e82ec1aabb4a77ff9514cae041667fa81ae2ec8bd3e9",
                "sha256:b1ad6d2952b41d9a0ea702a474cc08c05210c6289e29dd496935c9ca3c7fb45c",
                "sha256:b4e671c4c0804cdf752be26f260058bb858fbdaaef1340af170635913ecca01e",
                "sha256:bd842ae3dbb7cba88beb022161c819fa80ca7d0c5a4ddd209e7daae85d904e49",
                "sha256:bdf691a205bc492956e6daef7a06fb38f8cbe8b2c1cb0386f35f4412c360c9e9",
                "sha256:c19d1e06569c277dcc872d80cbadf14a29e8199e013ff2a176d169f461439a40",
                "sha256:c81fd9386449df0ebf1ab3e01187bb30d61122c74df53ba4880a2454d866e55d",
                "sha256:d0e9fec68e304fb35c559c44530213adbc7d5918bdab906a45a0f40cd56c4de2",
                "sha256:d1405caa964ba11b2396bd9fd19940440217345752e192c936d084ba5fe67dcb",
                "sha256:d5373a56b90052f171c8634fedc53a6ac371e6c742606e9825772a394bdbd4b0",
                "sha256:d78aac2ffc4e88ab1cbcad844669924c24e24c7c255de9628a18f14d832007c5",
                "sha256:d916018289d2f9a882e90d2e3bd41652861ce11b5ecd8515fa07ad31d97d56e5",
                "sha256:db993a56e21d903893933887984ca9b0d274f2b1db7b3cf21ba129783953864f",
                "sha256:de1aa618306a741e0497878b7f845fd6c397e52dd096fb76ed791e7268887176",
                "sha256:e37c4e21f696d6bcdbbc7caf98dffa505d04c0053909b9db0a6e8ca3b935eb07",
                "sha256:ef62eb3bcfd6d786f439828bb544ebd3936432db669403e0b8f48e424f1d55f1",
                "sha256:f0c87f097d6867833a839b086eb8d03676bb87c2efa067a131099f04aa790683",
                "sha256:f2e3ea5e4d5ecf3faefd4a5294acb6af1f0578b0cdd75d6b4529c45deaa54d6f",
                "sha256:f502fe79757434292174b04db114f9e25c767b2d5ca9e759d118b22a66f445f8",
                "sha256:fa9194cb91441df7242aa3ddc4cb184be38876cb10dd973674887f334bafbfb6"
            ],
            "index": "pypi",
            "version": "==0.17.0"
        },
        "zstd": {
            "hashes": [
                "sha256:0440339145a624703af10aee2329c357d5ea1040305b60852edefeade4f572d7",
                "sha256:04ec06e4949eddf7240f0d30bca2b4c14732f8b4c74e876f298b401dc26c5f35",
                "sha256:0b7cc9341028bf921ab51bc1e2ea2603162d921f1573828092ffbb0d7824c473",
                "sha256:0fde23ead8df6ca5317f61cc999c9afbba202922504cf7094dab023803bf1ede",
                "sha256:1232a874ff35afb1914b7aac39437dd0cfa174336c5b00b749ac1bc076036e55",
                "sha256:174fcd01ffe0368b50b214dc0400791e8585e4c5cc8afdbf9ea5625a2751871d",
                "sha256:185141ed40980f901487d76d9096d9dca335a0b0d79ca00437f3343deb81687f",
                "sha256:19a46f6c6a628df9c0e0b5880d137207c58198484e2d9263bad1df6ed88be62e",
                "sha256:19f06d8d200bcc28fc266ef4053cb77a1dd662dbd94ae9bcd1a357d189542a21",
                "sha256:1aa45b90aef21b5f5b76317be026c992805037f2b81273865739ba7add6627e8",
                "sha256:1d58cbb316a8ef81a99301898e97fb62759db02e9972fba071326312db0bad63",
                "sha256:2735d3a22dce8b6cf7d9df24a7af476fc5378b86fd252e6e5f741ec8f6334ebe",
                "sha256:299d260c21c5d3ec22d8b46b57ad62613d97d8caf82418f55a042d24fadd03aa",
                "sha256:307a230d92c6add7754bfe74a617cf0a7ae748b92c2cd73d3c624b16a175b159",
                "sha256:3091a834532adf4a847a317de9a35b241996b65d1d5c5160e3dbb3f6ab3041ab",
                "sha256:38e218dd8d6ef1b0a3ae138dd04ed6b0ba947a2b9f28099e0327a2ed5d3bb5dc",
                "sha256:3b606f1ee53ba3ff71341eb4eddc7904956fa2a5b5566fea57ab1f691cc44eb0",
                "sha256:3bc8e1d41813b8df2d86dbb77fdf45563858014fbfcac79a30550d474a9c339a",
                "sha256:3c429b166a3b324b0983bff53ae0928b9764c693a017f62ffb6b20e6135e338f",
                "sha256:3caf35282177731ba7d2813d9abae7d2a2b02dd0b0db07051c4cd1b1847c9a74",
                "sha256:40027b3a910ba850c5f12b3267d393a445e587b49f145cbad529d7bf3476a5d9",
                "sha256:40433361f19e349ef595177eeefd8b9f6119b5e581e46cc5069457110dd2b604",
                "sha256:49c0dc1c00152fe7c95ccb4e278e8cf5b01f8c2f69da7b64db29505e581ade52",
                "sha256:4af294b5a0c636841dbc64a5947109e676a44032db8cc0015530252cea2302b0",
                "sha256:4bdcac9bf961ff0914745cbef73f9db5a57781771cf6ac82da672415f0ae9fdd",
                "sha256:4d5b9397bb63c4eb2a950b1b53a25842975fbe68435bd0b58733ade85fbf0ed8",
                "sha256:4e236ca99fbdf3d4431df6aed924e67611cc09dd1b442eb7251c77a127ab3521",
                "sha256:5600b3ef8cf494e5dfa01e159c6e4e0af37a1d396974a9fedd811721b4a9cac3",
                "sha256:56249f0fbf8f3b527780cc185536e67fc452a27c4974a5ad15e93a97993f0416",
                "sha256:565cbb491544b72e40c7996e752d9c415b3382d112e289d87205ba8cbe6073c7",
                "sha256:5668dd83e9f4a48254922491f4b414d066677d6e83049f4e1b5900d6e97c10e3",
                "sha256:5b1d5fb99eded553f5603c34bbc806aa43ed5ed0fc7b15643a2e27cee7033afe",
                "sha256:619a8b113534f84426212a808b686004f72e4e3253e528ca53bdb4e9d9d7edea",
                "sha256:61a53d68f1dde379de8fafc729f4908a68fd3942df6a62ce83cd1666af2f23a3",
                "sha256:68a1a76fa0d638149dd873920a1747f30fb2eedc90676505b6d2bd9f0a1324c7",
                "sha256:6a78ae17a10d8e3d140be0baa4ee4f0c1bc32bd452637ccebcf44837b1093643",
                "sha256:6c1b22f42540acc5ccbd166bef7132a08e539b68c81a50663db62e833545f13a",
                "sha256:6de940c43a74613542df47ab0aa38bbcb694e32a838ade2900a6436040f692a1",
                "sha256:6e3399d46cda079501792159a0698f3adc489633d187a0b831edf58833063df0",
                "sha256:72a3d013cdaa938bfa53c33b6f29b6a1dcb23729e44b598e2473f51e9e447445",
                "sha256:76b41f63f6112fb779b30e1712e3103a62280622bf3540edb1b108ee617bfc20",
                "sha256:7a835427e83ee1af7005c046d993c07deb29f4ff58ae721fe5238016032ec835",
                "sha256:7f62d6d4462973ae9ec4f7b7bba77fca420534bec21429f2b1f84b9b5121b586",
                "sha256:8022460ca4eed52af844c287fd47a19a474fee0cc7df92406e61db4eb7e6724f",
                "sha256:81686220f82b9fe164afcbca684958d12cf7c6d4a7b9e795c74069d62a2e3c61",
                "sha256:84855323a748109300596a2aa97c023d7b0a32186451b6865288d108dc55d883",
                "sha256:84c755f9fb5fe0e1fd38f9720f19c085d957f82e51c1f629b4e2b9f8b3ff7299",
                "sha256:8e9f6504f71f1db0a29597a1e22f36270d40b7b7bc3398cf89c5412487fe92b3",
                "sha256:92d1854bdb11bd739fa1a4a379d6e737c004cdfd5d1a27fa76c6d8e399a4010e",
                "sha256:970e841d9a79a6828504bea0d322825ffd3641af9a80a988dc186a15668c5530",
                "sha256:97e8cc8a0887589ac3aa23ef71070552854887d4797411e52f84ff76304f0124",
                "sha256:9a811dc0bc737a99823ad3c993e2c01628323096b2db98d4d88f2da4e6d97fae",
                "sha256:9b3b4a138b92845a8d75d46917e6643870da72adbe35f6f8aa0200601325af12",
                "sha256:9c836caca292d8653c2bb71eaefcda5aa5c87de0e2a748111e6861d4f79011f1",
                "sha256:b187450218a46d2a462e079abec734fff81d125ff0716e9bac3566a165264128",
                "sha256:b36f0f6e052ac5de880db659ce325a6dfe92ad51492f0e38e3799d9ffa3c6225",
                "sha256:b4eb4ad8c31a46434c319d2e6d6528c459415bea46a1d7640f76544225023508",
                "sha256:b9f0eb8ae99b7c309c2da9ff426c70162f1fdd44b6502c6410ab9a926da055d2",
                "sha256:c08357efea70028495048adf6852c859e7d97a3fb223a1a70579a56d4f8bfdd0",
                "sha256:c112d368ebf614e319b36cf0c398b4e4d9e6fb585a44d1cb15ec4e7e6e02587d",
                "sha256:c9d41add9883b132992e257dc36714d835218ccd476e806914a5f32b09dce9dd",
                "sha256:cc891fed1d6b6fa7d6c97277d6b2463dfa108f61fdc8ad9e6159b7c840f5d592",
                "sha256:cd292671fb87d8e0720876bbaa5e752870d46daaab3ffca8d954f7ba68e0e763",
                "sha256:d35e13f16026bca6e1fba578932266f0db95e7852ec4d550ecc072e21797cd9f",
                "sha256:d84d760db5f0ca8ca7f1325317d6377112ee6bc759f3fa8eaa9e89552cfb2ebc",
                "sha256:d8df1500f88d901f04ec173e64a4fb56234333b7536c952d88364262894e6a97",
                "sha256:db839dc7af2dee800f409145d4280e2eac0c50cc361a0e3fc738f5ac51d18490",
                "sha256:dc632c13fa405cbe68dc7bd4f0b85ce168c9ebe75cffdf2a8b62e66be63c77ae",
                "sha256:e8f3e667bbe1d9d41bc0f442f6f769eef81bdfdc37ad919d99ac322512a68cb5",
                "sha256:ea6a7296ae40cf818d5f876180dc82baf4e947a7d68f62752cf8834bea655cda",
                "sha256:ebd8beff80347222c174d2e08e36c595d269c61c1e618a4918bfeb74e0169576",
                "sha256:ec248525b377c02f03590efc9ad07b18a567bfcb8629c5136c172d8a4b9d3782",
                "sha256:ec625b6ae0cce4d8ce6979f77e54df4e775315d5441072827f8a9efe95053930",
                "sha256:f26c9af1959cdc8ffb75f2146f3605accd4c0dcd295f73dd2bae26053841ec7c",
                "sha256:f43136348157ab35514c7f1be2e8381f98e3ad39542fd946b445aa70b32ffeed",
                "sha256:fa5f0e5f33bd35b5fc1ef70237d72fce388128a78be9728f687508589d414d05",
                "sha256:ff467c245831a570092505c9e20a0332c1638b25f135a500c51bfeb871b36c30"
            ],
            "version": "==1.5.2.5"
        }
    },
    "develop": {
        "alabaster": {
            "hashes": [
                "sha256:446438bdcca0e05bd45ea2de1668c1d9b032e1a9154c2c259092d77031ddd359",
                "sha256:a661d72d58e6ea8a57f7a86e37d86716863ee5e92788398526d58b26a4e4dc02"
            ],
            "version": "==0.7.12"
        },
        "attrs": {
            "hashes": [
                "sha256:2d27e3784d7a565d36ab851fe94887c5eccd6a463168875832a1be79c82828b4",
                "sha256:626ba8234211db98e869df76230a137c4c40a12d72445c45d5f5b716f076e2fd"
            ],
            "markers": "python_version >= '2.7' and python_version not in '3.0, 3.1, 3.2, 3.3, 3.4'",
            "version": "==21.4.0"
        },
        "babel": {
            "hashes": [
                "sha256:3f349e85ad3154559ac4930c3918247d319f21910d5ce4b25d439ed8693b98d2",
                "sha256:98aeaca086133efb3e1e2aad0396987490c8425929ddbcfe0550184fdc54cd13"
            ],
            "markers": "python_version >= '3.6'",
            "version": "==2.10.1"
        },
        "black": {
            "hashes": [
                "sha256:06f9d8846f2340dfac80ceb20200ea5d1b3f181dd0556b47af4e8e0b24fa0a6b",
                "sha256:10dbe6e6d2988049b4655b2b739f98785a884d4d6b85bc35133a8fb9a2233176",
                "sha256:2497f9c2386572e28921fa8bec7be3e51de6801f7459dffd6e62492531c47e09",
                "sha256:30d78ba6bf080eeaf0b7b875d924b15cd46fec5fd044ddfbad38c8ea9171043a",
                "sha256:328efc0cc70ccb23429d6be184a15ce613f676bdfc85e5fe8ea2a9354b4e9015",
                "sha256:35020b8886c022ced9282b51b5a875b6d1ab0c387b31a065b84db7c33085ca79",
                "sha256:5795a0375eb87bfe902e80e0c8cfaedf8af4d49694d69161e5bd3206c18618bb",
                "sha256:5891ef8abc06576985de8fa88e95ab70641de6c1fca97e2a15820a9b69e51b20",
                "sha256:637a4014c63fbf42a692d22b55d8ad6968a946b4a6ebc385c5505d9625b6a464",
                "sha256:67c8301ec94e3bcc8906740fe071391bce40a862b7be0b86fb5382beefecd968",
                "sha256:6d2fc92002d44746d3e7db7cf9313cf4452f43e9ea77a2c939defce3b10b5c82",
                "sha256:6ee227b696ca60dd1c507be80a6bc849a5a6ab57ac7352aad1ffec9e8b805f21",
                "sha256:863714200ada56cbc366dc9ae5291ceb936573155f8bf8e9de92aef51f3ad0f0",
                "sha256:9b542ced1ec0ceeff5b37d69838106a6348e60db7b8fdd245294dc1d26136265",
                "sha256:a6342964b43a99dbc72f72812bf88cad8f0217ae9acb47c0d4f141a6416d2d7b",
                "sha256:ad4efa5fad66b903b4a5f96d91461d90b9507a812b3c5de657d544215bb7877a",
                "sha256:bc58025940a896d7e5356952228b68f793cf5fcb342be703c3a2669a1488cb72",
                "sha256:cc1e1de68c8e5444e8f94c3670bb48a2beef0e91dddfd4fcc29595ebd90bb9ce",
                "sha256:cee3e11161dde1b2a33a904b850b0899e0424cc331b7295f2a9698e79f9a69a0",
                "sha256:e3556168e2e5c49629f7b0f377070240bd5511e45e25a4497bb0073d9dda776a",
                "sha256:e8477ec6bbfe0312c128e74644ac8a02ca06bcdb8982d4ee06f209be28cdf163",
                "sha256:ee8f1f7228cce7dffc2b464f07ce769f478968bfb3dd1254a4c2eeed84928aad",
                "sha256:fd57160949179ec517d32ac2ac898b5f20d68ed1a9c977346efbac9c2f1e779d"
            ],
            "index": "pypi",
            "version": "==22.3.0"
        },
        "build": {
            "hashes": [
                "sha256:1aaadcd69338252ade4f7ec1265e1a19184bf916d84c9b7df095f423948cb89f",
                "sha256:21b7ebbd1b22499c4dac536abc7606696ea4d909fd755e00f09f3c0f2c05e3c8"
            ],
            "index": "pypi",
            "version": "==0.7.0"
        },
        "certifi": {
            "hashes": [
                "sha256:78884e7c1d4b00ce3cea67b44566851c4343c120abd683433ce934a68ea58872",
                "sha256:d62a0163eb4c2344ac042ab2bdf75399a71a2d8c7d47eac2e2ee91b9d6339569"
            ],
            "version": "==2021.10.8"
        },
        "charset-normalizer": {
            "hashes": [
                "sha256:2857e29ff0d34db842cd7ca3230549d1a697f96ee6d3fb071cfa6c7393832597",
                "sha256:6881edbebdb17b39b4eaaa821b438bf6eddffb4468cf344f09f89def34a8b1df"
            ],
            "markers": "python_version >= '3'",
            "version": "==2.0.12"
        },
        "click": {
            "hashes": [
                "sha256:7682dc8afb30297001674575ea00d1814d808d6a36af415a82bd481d37ba7b8e",
                "sha256:bb4d8133cb15a609f44e8213d9b391b0809795062913b383c62be0ee95b1db48"
            ],
            "markers": "python_version >= '3.7'",
            "version": "==8.1.3"
        },
        "distlib": {
            "hashes": [
                "sha256:6564fe0a8f51e734df6333d08b8b94d4ea8ee6b99b5ed50613f731fd4089f34b",
                "sha256:e4b58818180336dc9c529bfb9a0b58728ffc09ad92027a3f30b7cd91e3458579"
            ],
            "version": "==0.3.4"
        },
        "docutils": {
            "hashes": [
                "sha256:686577d2e4c32380bb50cbb22f575ed742d58168cee37e99117a854bcd88f125",
                "sha256:cf316c8370a737a022b72b56874f6602acf974a37a9fba42ec2876387549fc61"
            ],
            "markers": "python_version >= '2.7' and python_version not in '3.0, 3.1, 3.2, 3.3, 3.4'",
            "version": "==0.17.1"
        },
        "filelock": {
            "hashes": [
                "sha256:9cd540a9352e432c7246a48fe4e8712b10acb1df2ad1f30e8c070b82ae1fed85",
                "sha256:f8314284bfffbdcfa0ff3d7992b023d4c628ced6feb957351d4c48d059f56bc0"
            ],
            "markers": "python_version >= '3.7'",
            "version": "==3.6.0"
        },
        "flake8": {
            "hashes": [
                "sha256:479b1304f72536a55948cb40a32dce8bb0ffe3501e26eaf292c7e60eb5e0428d",
                "sha256:806e034dda44114815e23c16ef92f95c91e4c71100ff52813adf7132a6ad870d"
            ],
            "index": "pypi",
            "version": "==4.0.1"
        },
        "idna": {
            "hashes": [
                "sha256:84d9dd047ffa80596e0f246e2eab0b391788b0503584e8945f2368256d2735ff",
                "sha256:9d643ff0a55b762d5cdb124b8eaa99c66322e2157b69160bc32796e824360e6d"
            ],
            "markers": "python_version >= '3'",
            "version": "==3.3"
        },
        "imagesize": {
            "hashes": [
                "sha256:1db2f82529e53c3e929e8926a1fa9235aa82d0bd0c580359c67ec31b2fddaa8c",
                "sha256:cd1750d452385ca327479d45b64d9c7729ecf0b3969a58148298c77092261f9d"
            ],
            "markers": "python_version >= '2.7' and python_version not in '3.0, 3.1, 3.2, 3.3'",
            "version": "==1.3.0"
        },
        "importlib-metadata": {
            "hashes": [
                "sha256:1208431ca90a8cca1a6b8af391bb53c1a2db74e5d1cef6ddced95d4b2062edc6",
                "sha256:ea4c597ebf37142f827b8f39299579e31685c31d3a438b59f469406afd0f2539"
            ],
            "markers": "python_version < '3.10'",
            "version": "==4.11.3"
        },
        "iniconfig": {
            "hashes": [
                "sha256:011e24c64b7f47f6ebd835bb12a743f2fbe9a26d4cecaa7f53bc4f35ee9da8b3",
                "sha256:bc3af051d7d14b2ee5ef9969666def0cd1a000e121eaea580d4a313df4b37f32"
            ],
            "version": "==1.1.1"
        },
        "jinja2": {
            "hashes": [
                "sha256:31351a702a408a9e7595a8fc6150fc3f43bb6bf7e319770cbc0db9df9437e852",
                "sha256:6088930bfe239f0e6710546ab9c19c9ef35e29792895fed6e6e31a023a182a61"
            ],
            "markers": "python_version >= '3.7'",
            "version": "==3.1.2"
        },
        "m2r2": {
            "hashes": [
                "sha256:ccd95b052dcd1ac7442ecb3111262b2001c10e4119b459c34c93ac7a5c2c7868",
                "sha256:d3684086b61b4bebe2307f15189495360f05a123c9bda2a66462649b7ca236aa"
            ],
            "index": "pypi",
            "version": "==0.3.2"
        },
        "markupsafe": {
            "hashes": [
                "sha256:0212a68688482dc52b2d45013df70d169f542b7394fc744c02a57374a4207003",
                "sha256:089cf3dbf0cd6c100f02945abeb18484bd1ee57a079aefd52cffd17fba910b88",
                "sha256:10c1bfff05d95783da83491be968e8fe789263689c02724e0c691933c52994f5",
                "sha256:33b74d289bd2f5e527beadcaa3f401e0df0a89927c1559c8566c066fa4248ab7",
                "sha256:3799351e2336dc91ea70b034983ee71cf2f9533cdff7c14c90ea126bfd95d65a",
                "sha256:3ce11ee3f23f79dbd06fb3d63e2f6af7b12db1d46932fe7bd8afa259a5996603",
                "sha256:421be9fbf0ffe9ffd7a378aafebbf6f4602d564d34be190fc19a193232fd12b1",
                "sha256:43093fb83d8343aac0b1baa75516da6092f58f41200907ef92448ecab8825135",
                "sha256:46d00d6cfecdde84d40e572d63735ef81423ad31184100411e6e3388d405e247",
                "sha256:4a33dea2b688b3190ee12bd7cfa29d39c9ed176bda40bfa11099a3ce5d3a7ac6",
                "sha256:4b9fe39a2ccc108a4accc2676e77da025ce383c108593d65cc909add5c3bd601",
                "sha256:56442863ed2b06d19c37f94d999035e15ee982988920e12a5b4ba29b62ad1f77",
                "sha256:671cd1187ed5e62818414afe79ed29da836dde67166a9fac6d435873c44fdd02",
                "sha256:694deca8d702d5db21ec83983ce0bb4b26a578e71fbdbd4fdcd387daa90e4d5e",
                "sha256:6a074d34ee7a5ce3effbc526b7083ec9731bb3cbf921bbe1d3005d4d2bdb3a63",
                "sha256:6d0072fea50feec76a4c418096652f2c3238eaa014b2f94aeb1d56a66b41403f",
                "sha256:6fbf47b5d3728c6aea2abb0589b5d30459e369baa772e0f37a0320185e87c980",
                "sha256:7f91197cc9e48f989d12e4e6fbc46495c446636dfc81b9ccf50bb0ec74b91d4b",
                "sha256:86b1f75c4e7c2ac2ccdaec2b9022845dbb81880ca318bb7a0a01fbf7813e3812",
                "sha256:8dc1c72a69aa7e082593c4a203dcf94ddb74bb5c8a731e4e1eb68d031e8498ff",
                "sha256:8e3dcf21f367459434c18e71b2a9532d96547aef8a871872a5bd69a715c15f96",
                "sha256:8e576a51ad59e4bfaac456023a78f6b5e6e7651dcd383bcc3e18d06f9b55d6d1",
                "sha256:96e37a3dc86e80bf81758c152fe66dbf60ed5eca3d26305edf01892257049925",
                "sha256:97a68e6ada378df82bc9f16b800ab77cbf4b2fada0081794318520138c088e4a",
                "sha256:99a2a507ed3ac881b975a2976d59f38c19386d128e7a9a18b7df6fff1fd4c1d6",
                "sha256:a49907dd8420c5685cfa064a1335b6754b74541bbb3706c259c02ed65b644b3e",
                "sha256:b09bf97215625a311f669476f44b8b318b075847b49316d3e28c08e41a7a573f",
                "sha256:b7bd98b796e2b6553da7225aeb61f447f80a1ca64f41d83612e6139ca5213aa4",
                "sha256:b87db4360013327109564f0e591bd2a3b318547bcef31b468a92ee504d07ae4f",
                "sha256:bcb3ed405ed3222f9904899563d6fc492ff75cce56cba05e32eff40e6acbeaa3",
                "sha256:d4306c36ca495956b6d568d276ac11fdd9c30a36f1b6eb928070dc5360b22e1c",
                "sha256:d5ee4f386140395a2c818d149221149c54849dfcfcb9f1debfe07a8b8bd63f9a",
                "sha256:dda30ba7e87fbbb7eab1ec9f58678558fd9a6b8b853530e176eabd064da81417",
                "sha256:e04e26803c9c3851c931eac40c695602c6295b8d432cbe78609649ad9bd2da8a",
                "sha256:e1c0b87e09fa55a220f058d1d49d3fb8df88fbfab58558f1198e08c1e1de842a",
                "sha256:e72591e9ecd94d7feb70c1cbd7be7b3ebea3f548870aa91e2732960fa4d57a37",
                "sha256:e8c843bbcda3a2f1e3c2ab25913c80a3c5376cd00c6e8c4a86a89a28c8dc5452",
                "sha256:efc1913fd2ca4f334418481c7e595c00aad186563bbc1ec76067848c7ca0a933",
                "sha256:f121a1420d4e173a5d96e47e9a0c0dcff965afdf1626d28de1460815f7c4ee7a",
                "sha256:fc7b548b17d238737688817ab67deebb30e8073c95749d55538ed473130ec0c7"
            ],
            "markers": "python_version >= '3.7'",
            "version": "==2.1.1"
        },
        "mccabe": {
            "hashes": [
                "sha256:ab8a6258860da4b6677da4bd2fe5dc2c659cff31b3ee4f7f5d64e79735b80d42",
                "sha256:dd8d182285a0fe56bace7f45b5e7d1a6ebcbf524e8f3bd87eb0f125271b8831f"
            ],
            "version": "==0.6.1"
        },
        "mistune": {
            "hashes": [
                "sha256:59a3429db53c50b5c6bcc8a07f8848cb00d7dc8bdb431a4ab41920d201d4756e",
                "sha256:88a1051873018da288eee8538d476dffe1262495144b33ecb586c4ab266bb8d4"
            ],
            "version": "==0.8.4"
        },
        "mypy-extensions": {
            "hashes": [
                "sha256:090fedd75945a69ae91ce1303b5824f428daf5a028d2f6ab8a299250a846f15d",
                "sha256:2d82818f5bb3e369420cb3c4060a7970edba416647068eb4c5343488a6c604a8"
            ],
            "version": "==0.4.3"
        },
        "nodeenv": {
            "hashes": [
                "sha256:3ef13ff90291ba2a4a7a4ff9a979b63ffdd00a464dbe04acf0ea6471517a4c2b",
                "sha256:621e6b7076565ddcacd2db0294c0381e01fd28945ab36bcf00f41c5daf63bef7"
            ],
            "version": "==1.6.0"
        },
        "packaging": {
            "hashes": [
                "sha256:dd47c42927d89ab911e606518907cc2d3a1f38bbd026385970643f9c5b8ecfeb",
                "sha256:ef103e05f519cdc783ae24ea4e2e0f508a9c99b2d4969652eed6a2e1ea5bd522"
            ],
            "markers": "python_version >= '3.6'",
            "version": "==21.3"
        },
        "pathspec": {
            "hashes": [
                "sha256:7d15c4ddb0b5c802d161efc417ec1a2558ea2653c2e8ad9c19098201dc1c993a",
                "sha256:e564499435a2673d586f6b2130bb5b95f04a3ba06f81b8f895b651a3c76aabb1"
            ],
            "version": "==0.9.0"
        },
        "pep517": {
            "hashes": [
                "sha256:931378d93d11b298cf511dd634cf5ea4cb249a28ef84160b3247ee9afb4e8ab0",
                "sha256:dd884c326898e2c6e11f9e0b64940606a93eb10ea022a2e067959f3a110cf161"
            ],
            "version": "==0.12.0"
        },
        "pip": {
            "hashes": [
                "sha256:2debf847016cfe643fa1512e2d781d3ca9e5c878ba0652583842d50cc2bcc605",
                "sha256:802e797fb741be1c2d475533d4ea951957e4940091422bd4a24848a7ac95609d"
            ],
            "markers": "python_version >= '3.7'",
            "version": "==22.1"
        },
        "pipenv": {
            "hashes": [
                "sha256:06e19a3a2ae7db14a317bdedc61030cdcd132a012410de1e5bdb0e19d0620465",
                "sha256:71d510c20f99ea5cd3c951f8203140197bcc79fc21a0d74924f97c726a0f2bd3"
            ],
            "index": "pypi",
            "version": "==2022.5.2"
        },
        "platformdirs": {
            "hashes": [
                "sha256:027d8e83a2d7de06bbac4e5ef7e023c02b863d7ea5d079477e722bb41ab25788",
                "sha256:58c8abb07dcb441e6ee4b11d8df0ac856038f944ab98b7be6b27b2a3c7feef19"
            ],
            "markers": "python_version >= '3.7'",
            "version": "==2.5.2"
        },
        "pluggy": {
            "hashes": [
                "sha256:4224373bacce55f955a878bf9cfa763c1e360858e330072059e10bad68531159",
                "sha256:74134bbf457f031a36d68416e1509f34bd5ccc019f0bcc952c7b909d06b37bd3"
            ],
            "markers": "python_version >= '3.6'",
            "version": "==1.0.0"
        },
        "py": {
            "hashes": [
                "sha256:51c75c4126074b472f746a24399ad32f6053d1b34b68d2fa41e558e6f4a98719",
                "sha256:607c53218732647dff4acdfcd50cb62615cedf612e72d1724fb1a0cc6405b378"
            ],
            "markers": "python_version >= '2.7' and python_version not in '3.0, 3.1, 3.2, 3.3, 3.4'",
            "version": "==1.11.0"
        },
        "pycodestyle": {
            "hashes": [
                "sha256:720f8b39dde8b293825e7ff02c475f3077124006db4f440dcbc9a20b76548a20",
                "sha256:eddd5847ef438ea1c7870ca7eb78a9d47ce0cdb4851a5523949f2601d0cbbe7f"
            ],
            "markers": "python_version >= '2.7' and python_version not in '3.0, 3.1, 3.2, 3.3, 3.4'",
            "version": "==2.8.0"
        },
        "pyflakes": {
            "hashes": [
                "sha256:05a85c2872edf37a4ed30b0cce2f6093e1d0581f8c19d7393122da7e25b2b24c",
                "sha256:3bb3a3f256f4b7968c9c788781e4ff07dce46bdf12339dcda61053375426ee2e"
            ],
            "markers": "python_version >= '2.7' and python_version not in '3.0, 3.1, 3.2, 3.3'",
            "version": "==2.4.0"
        },
        "pygments": {
            "hashes": [
                "sha256:5eb116118f9612ff1ee89ac96437bb6b49e8f04d8a13b514ba26f620208e26eb",
                "sha256:dc9c10fb40944260f6ed4c688ece0cd2048414940f1cea51b8b226318411c519"
            ],
            "markers": "python_version >= '3.6'",
            "version": "==2.12.0"
        },
        "pyparsing": {
            "hashes": [
                "sha256:2b020ecf7d21b687f219b71ecad3631f644a47f01403fa1d1036b0c6416d70fb",
                "sha256:5026bae9a10eeaefb61dab2f09052b9f4307d44aee4eda64b309723d8d206bbc"
            ],
            "markers": "python_full_version >= '3.6.8'",
            "version": "==3.0.9"
        },
        "pyright": {
            "hashes": [
                "sha256:2ccb43792e03a1af1da406b7dcf12212d4671b6b14cda3a0492e2b40e252b24f",
                "sha256:3ac37f74588f4dab35da48398727f79ebc90c703ad0230f95c006ef158d63d30"
            ],
            "index": "pypi",
            "version": "==1.1.246"
        },
        "pytest": {
            "hashes": [
                "sha256:13d0e3ccfc2b6e26be000cb6568c832ba67ba32e719443bfe725814d3c42433c",
                "sha256:a06a0425453864a270bc45e71f783330a7428defb4230fb5e6a731fde06ecd45"
            ],
            "index": "pypi",
            "version": "==7.1.2"
        },
        "pytz": {
            "hashes": [
                "sha256:1e760e2fe6a8163bc0b3d9a19c4f84342afa0a2affebfaa84b01b978a02ecaa7",
                "sha256:e68985985296d9a66a881eb3193b0906246245294a881e7c8afe623866ac6a5c"
            ],
            "version": "==2022.1"
        },
        "requests": {
            "hashes": [
                "sha256:68d7c56fd5a8999887728ef304a6d12edc7be74f1cfa47714fc8b414525c9a61",
                "sha256:f22fa1e554c9ddfd16e6e41ac79759e17be9e492b3587efa038054674760e72d"
            ],
            "markers": "python_version >= '2.7' and python_version not in '3.0, 3.1, 3.2, 3.3, 3.4, 3.5'",
            "version": "==2.27.1"
        },
        "setuptools": {
            "hashes": [
                "sha256:5534570b9980fc650d45c62877ff603c7aaaf24893371708736cc016bd221c3c",
                "sha256:ca6ba73b7fd5f734ae70ece8c4c1f7062b07f3352f6428f6277e27c8f5c64237"
            ],
            "markers": "python_version >= '3.7'",
            "version": "==62.2.0"
        },
        "six": {
            "hashes": [
                "sha256:1e61c37477a1626458e36f7b1d82aa5c9b094fa4802892072e49de9c60c4c926",
                "sha256:8abb2f1d86890a2dfb989f9a77cfcfd3e47c2a354b01111771326f8aa26e0254"
            ],
            "markers": "python_version >= '2.7' and python_version not in '3.0, 3.1, 3.2, 3.3'",
            "version": "==1.16.0"
        },
        "snowballstemmer": {
            "hashes": [
                "sha256:09b16deb8547d3412ad7b590689584cd0fe25ec8db3be37788be3810cbf19cb1",
                "sha256:c8e1716e83cc398ae16824e5572ae04e0d9fc2c6b985fb0f900f5f0c96ecba1a"
            ],
            "version": "==2.2.0"
        },
        "sphinx": {
            "hashes": [
                "sha256:7bf8ca9637a4ee15af412d1a1d9689fec70523a68ca9bb9127c2f3eeb344e2e6",
                "sha256:ebf612653238bcc8f4359627a9b7ce44ede6fdd75d9d30f68255c7383d3a6226"
            ],
            "index": "pypi",
            "version": "==4.5.0"
        },
        "sphinxcontrib-applehelp": {
            "hashes": [
                "sha256:806111e5e962be97c29ec4c1e7fe277bfd19e9652fb1a4392105b43e01af885a",
                "sha256:a072735ec80e7675e3f432fcae8610ecf509c5f1869d17e2eecff44389cdbc58"
            ],
            "markers": "python_version >= '3.5'",
            "version": "==1.0.2"
        },
        "sphinxcontrib-devhelp": {
            "hashes": [
                "sha256:8165223f9a335cc1af7ffe1ed31d2871f325254c0423bc0c4c7cd1c1e4734a2e",
                "sha256:ff7f1afa7b9642e7060379360a67e9c41e8f3121f2ce9164266f61b9f4b338e4"
            ],
            "markers": "python_version >= '3.5'",
            "version": "==1.0.2"
        },
        "sphinxcontrib-htmlhelp": {
            "hashes": [
                "sha256:d412243dfb797ae3ec2b59eca0e52dac12e75a241bf0e4eb861e450d06c6ed07",
                "sha256:f5f8bb2d0d629f398bf47d0d69c07bc13b65f75a81ad9e2f71a63d4b7a2f6db2"
            ],
            "markers": "python_version >= '3.6'",
            "version": "==2.0.0"
        },
        "sphinxcontrib-jsmath": {
            "hashes": [
                "sha256:2ec2eaebfb78f3f2078e73666b1415417a116cc848b72e5172e596c871103178",
                "sha256:a9925e4a4587247ed2191a22df5f6970656cb8ca2bd6284309578f2153e0c4b8"
            ],
            "markers": "python_version >= '3.5'",
            "version": "==1.0.1"
        },
        "sphinxcontrib-qthelp": {
            "hashes": [
                "sha256:4c33767ee058b70dba89a6fc5c1892c0d57a54be67ddd3e7875a18d14cba5a72",
                "sha256:bd9fc24bcb748a8d51fd4ecaade681350aa63009a347a8c14e637895444dfab6"
            ],
            "markers": "python_version >= '3.5'",
            "version": "==1.0.3"
        },
        "sphinxcontrib-serializinghtml": {
            "hashes": [
                "sha256:352a9a00ae864471d3a7ead8d7d79f5fc0b57e8b3f95e9867eb9eb28999b92fd",
                "sha256:aa5f6de5dfdf809ef505c4895e51ef5c9eac17d0f287933eb49ec495280b6952"
            ],
            "markers": "python_version >= '3.5'",
            "version": "==1.1.5"
        },
        "tomli": {
            "hashes": [
                "sha256:939de3e7a6161af0c887ef91b7d41a53e7c5a1ca976325f429cb46ea9bc30ecc",
                "sha256:de526c12914f0c550d15924c62d72abc48d6fe7364aa87328337a31007fe8a4f"
            ],
            "markers": "python_version >= '3.7'",
            "version": "==2.0.1"
        },
        "typing-extensions": {
            "hashes": [
                "sha256:6657594ee297170d19f67d55c05852a874e7eb634f4f753dbd667855e07c1708",
                "sha256:f1c24655a0da0d1b67f07e17a5e6b2a105894e6824b92096378bb3668ef02376"
            ],
            "index": "pypi",
            "version": "==4.2.0"
        },
        "urllib3": {
            "hashes": [
                "sha256:44ece4d53fb1706f667c9bd1c648f5469a2ec925fcf3a776667042d645472c14",
                "sha256:aabaf16477806a5e1dd19aa41f8c2b7950dd3c746362d7e3223dbe6de6ac448e"
            ],
            "markers": "python_version >= '2.7' and python_version not in '3.0, 3.1, 3.2, 3.3, 3.4' and python_version < '4'",
            "version": "==1.26.9"
        },
        "virtualenv": {
            "hashes": [
                "sha256:e617f16e25b42eb4f6e74096b9c9e37713cf10bf30168fb4a739f3fa8f898a3a",
                "sha256:ef589a79795589aada0c1c5b319486797c03b67ac3984c48c669c0e4f50df3a5"
            ],
            "markers": "python_version >= '2.7' and python_version not in '3.0, 3.1, 3.2, 3.3, 3.4'",
            "version": "==20.14.1"
        },
        "virtualenv-clone": {
            "hashes": [
                "sha256:418ee935c36152f8f153c79824bb93eaf6f0f7984bae31d3f48f350b9183501a",
                "sha256:44d5263bceed0bac3e1424d64f798095233b64def1c5689afa43dc3223caf5b0"
            ],
            "markers": "python_version >= '2.7' and python_version not in '3.0, 3.1, 3.2, 3.3'",
            "version": "==0.5.7"
        },
        "zipp": {
            "hashes": [
                "sha256:56bf8aadb83c24db6c4b577e13de374ccfb67da2078beba1d037c17980bf43ad",
                "sha256:c4f6e5bbf48e74f7a38e7cc5b0480ff42b0ae5178957d564d18932525d5cf099"
            ],
            "markers": "python_version >= '3.7'",
            "version": "==3.8.0"
        }
    }
}
